
Microsoft Visual Studio Solution File, Format Version 12.00
Project("{FAE04EC0-301F-11D3-BF4B-00C04F79EFBC}") = "Day01", "Day01\Day01.csproj", "{4DFB41FE-3F5E-43A0-B80E-AEE4E955C49B}"
EndProject
Project("{FAE04EC0-301F-11D3-BF4B-00C04F79EFBC}") = "Day02", "Day02\Day02.csproj", "{5E72FBA5-0323-49EE-BBEA-BA38B0966FB4}"
EndProject
Project("{FAE04EC0-301F-11D3-BF4B-00C04F79EFBC}") = "Day03", "Day03\Day03.csproj", "{D9BA5FCB-E23F-4A1E-9949-324BC0D65303}"
EndProject
Project("{FAE04EC0-301F-11D3-BF4B-00C04F79EFBC}") = "Day04", "Day04\Day04.csproj", "{1D8EF067-8FE1-4AEC-8F23-D95955D590FC}"
EndProject
Project("{FAE04EC0-301F-11D3-BF4B-00C04F79EFBC}") = "Day05", "Day05\Day05.csproj", "{136842D9-BDFB-4F08-B75B-2F6204DC008A}"
EndProject
Project("{FAE04EC0-301F-11D3-BF4B-00C04F79EFBC}") = "Day06", "Day06\Day06.csproj", "{F27E14F1-2F0E-4384-91D0-6D5B23025858}"
EndProject
Global
	GlobalSection(SolutionConfigurationPlatforms) = preSolution
		Debug|Any CPU = Debug|Any CPU
		Release|Any CPU = Release|Any CPU
	EndGlobalSection
	GlobalSection(ProjectConfigurationPlatforms) = postSolution
		{4DFB41FE-3F5E-43A0-B80E-AEE4E955C49B}.Debug|Any CPU.ActiveCfg = Debug|Any CPU
		{4DFB41FE-3F5E-43A0-B80E-AEE4E955C49B}.Debug|Any CPU.Build.0 = Debug|Any CPU
		{4DFB41FE-3F5E-43A0-B80E-AEE4E955C49B}.Release|Any CPU.ActiveCfg = Release|Any CPU
		{4DFB41FE-3F5E-43A0-B80E-AEE4E955C49B}.Release|Any CPU.Build.0 = Release|Any CPU
		{5E72FBA5-0323-49EE-BBEA-BA38B0966FB4}.Debug|Any CPU.ActiveCfg = Debug|Any CPU
		{5E72FBA5-0323-49EE-BBEA-BA38B0966FB4}.Debug|Any CPU.Build.0 = Debug|Any CPU
		{5E72FBA5-0323-49EE-BBEA-BA38B0966FB4}.Release|Any CPU.ActiveCfg = Release|Any CPU
		{5E72FBA5-0323-49EE-BBEA-BA38B0966FB4}.Release|Any CPU.Build.0 = Release|Any CPU
		{D9BA5FCB-E23F-4A1E-9949-324BC0D65303}.Debug|Any CPU.ActiveCfg = Debug|Any CPU
		{D9BA5FCB-E23F-4A1E-9949-324BC0D65303}.Debug|Any CPU.Build.0 = Debug|Any CPU
		{D9BA5FCB-E23F-4A1E-9949-324BC0D65303}.Release|Any CPU.ActiveCfg = Release|Any CPU
		{D9BA5FCB-E23F-4A1E-9949-324BC0D65303}.Release|Any CPU.Build.0 = Release|Any CPU
		{1D8EF067-8FE1-4AEC-8F23-D95955D590FC}.Debug|Any CPU.ActiveCfg = Debug|Any CPU
		{1D8EF067-8FE1-4AEC-8F23-D95955D590FC}.Debug|Any CPU.Build.0 = Debug|Any CPU
		{1D8EF067-8FE1-4AEC-8F23-D95955D590FC}.Release|Any CPU.ActiveCfg = Release|Any CPU
		{1D8EF067-8FE1-4AEC-8F23-D95955D590FC}.Release|Any CPU.Build.0 = Release|Any CPU
		{136842D9-BDFB-4F08-B75B-2F6204DC008A}.Debug|Any CPU.ActiveCfg = Debug|Any CPU
		{136842D9-BDFB-4F08-B75B-2F6204DC008A}.Debug|Any CPU.Build.0 = Debug|Any CPU
		{136842D9-BDFB-4F08-B75B-2F6204DC008A}.Release|Any CPU.ActiveCfg = Release|Any CPU
		{136842D9-BDFB-4F08-B75B-2F6204DC008A}.Release|Any CPU.Build.0 = Release|Any CPU
		{F27E14F1-2F0E-4384-91D0-6D5B23025858}.Debug|Any CPU.ActiveCfg = Debug|Any CPU
		{F27E14F1-2F0E-4384-91D0-6D5B23025858}.Debug|Any CPU.Build.0 = Debug|Any CPU
		{F27E14F1-2F0E-4384-91D0-6D5B23025858}.Release|Any CPU.ActiveCfg = Release|Any CPU
		{F27E14F1-2F0E-4384-91D0-6D5B23025858}.Release|Any CPU.Build.0 = Release|Any CPU
	EndGlobalSection
EndGlobal
