
Microsoft Visual Studio Solution File, Format Version 12.00
Project("{FAE04EC0-301F-11D3-BF4B-00C04F79EFBC}") = "Day01", "Day01\Day01.csproj", "{4DFB41FE-3F5E-43A0-B80E-AEE4E955C49B}"
EndProject
Project("{FAE04EC0-301F-11D3-BF4B-00C04F79EFBC}") = "Day02", "Day02\Day02.csproj", "{5E72FBA5-0323-49EE-BBEA-BA38B0966FB4}"
EndProject
Project("{FAE04EC0-301F-11D3-BF4B-00C04F79EFBC}") = "Day03", "Day03\Day03.csproj", "{D9BA5FCB-E23F-4A1E-9949-324BC0D65303}"
EndProject
Project("{FAE04EC0-301F-11D3-BF4B-00C04F79EFBC}") = "Day04", "Day04\Day04.csproj", "{1D8EF067-8FE1-4AEC-8F23-D95955D590FC}"
EndProject
Project("{FAE04EC0-301F-11D3-BF4B-00C04F79EFBC}") = "Day05", "Day05\Day05.csproj", "{136842D9-BDFB-4F08-B75B-2F6204DC008A}"
EndProject
Project("{FAE04EC0-301F-11D3-BF4B-00C04F79EFBC}") = "Day06", "Day06\Day06.csproj", "{F27E14F1-2F0E-4384-91D0-6D5B23025858}"
EndProject
Project("{FAE04EC0-301F-11D3-BF4B-00C04F79EFBC}") = "Day07", "Day07\Day07.csproj", "{17610B37-87ED-4E4F-B1B3-8E67C33F22F4}"
EndProject
Project("{FAE04EC0-301F-11D3-BF4B-00C04F79EFBC}") = "Day08", "Day08\Day08.csproj", "{780AED28-FD40-494C-9941-F6EF2259DC7A}"
EndProject
Project("{FAE04EC0-301F-11D3-BF4B-00C04F79EFBC}") = "Day09", "Day09\Day09.csproj", "{CDA027B6-8AA4-4263-A4D4-9F378D909D9B}"
EndProject
Project("{FAE04EC0-301F-11D3-BF4B-00C04F79EFBC}") = "Day10", "Day10\Day10.csproj", "{893E5F9C-39CD-49AB-8C0F-F3A1F5032517}"
EndProject
Project("{FAE04EC0-301F-11D3-BF4B-00C04F79EFBC}") = "Day11", "Day11\Day11.csproj", "{B390D46A-1EDF-466F-88D2-2B2B924DF542}"
EndProject
Project("{FAE04EC0-301F-11D3-BF4B-00C04F79EFBC}") = "Day12", "Day12\Day12.csproj", "{CE4AA7F6-7A9F-4ACE-899B-91B75BB5E1C2}"
EndProject
Project("{FAE04EC0-301F-11D3-BF4B-00C04F79EFBC}") = "Day13", "Day13\Day13.csproj", "{B0A9E194-A0FB-4FF4-A74B-F3C1020667D8}"
EndProject
Project("{FAE04EC0-301F-11D3-BF4B-00C04F79EFBC}") = "Day14", "Day14\Day14.csproj", "{296DABD1-AA45-455B-991A-C04F96CD9B80}"
EndProject
Project("{FAE04EC0-301F-11D3-BF4B-00C04F79EFBC}") = "Day15", "Day15\Day15.csproj", "{E64564E1-EE61-44A9-91ED-CA9B249A306D}"
EndProject
Global
	GlobalSection(SolutionConfigurationPlatforms) = preSolution
		Debug|Any CPU = Debug|Any CPU
		Release|Any CPU = Release|Any CPU
	EndGlobalSection
	GlobalSection(ProjectConfigurationPlatforms) = postSolution
		{4DFB41FE-3F5E-43A0-B80E-AEE4E955C49B}.Debug|Any CPU.ActiveCfg = Debug|Any CPU
		{4DFB41FE-3F5E-43A0-B80E-AEE4E955C49B}.Debug|Any CPU.Build.0 = Debug|Any CPU
		{4DFB41FE-3F5E-43A0-B80E-AEE4E955C49B}.Release|Any CPU.ActiveCfg = Release|Any CPU
		{4DFB41FE-3F5E-43A0-B80E-AEE4E955C49B}.Release|Any CPU.Build.0 = Release|Any CPU
		{5E72FBA5-0323-49EE-BBEA-BA38B0966FB4}.Debug|Any CPU.ActiveCfg = Debug|Any CPU
		{5E72FBA5-0323-49EE-BBEA-BA38B0966FB4}.Debug|Any CPU.Build.0 = Debug|Any CPU
		{5E72FBA5-0323-49EE-BBEA-BA38B0966FB4}.Release|Any CPU.ActiveCfg = Release|Any CPU
		{5E72FBA5-0323-49EE-BBEA-BA38B0966FB4}.Release|Any CPU.Build.0 = Release|Any CPU
		{D9BA5FCB-E23F-4A1E-9949-324BC0D65303}.Debug|Any CPU.ActiveCfg = Debug|Any CPU
		{D9BA5FCB-E23F-4A1E-9949-324BC0D65303}.Debug|Any CPU.Build.0 = Debug|Any CPU
		{D9BA5FCB-E23F-4A1E-9949-324BC0D65303}.Release|Any CPU.ActiveCfg = Release|Any CPU
		{D9BA5FCB-E23F-4A1E-9949-324BC0D65303}.Release|Any CPU.Build.0 = Release|Any CPU
		{1D8EF067-8FE1-4AEC-8F23-D95955D590FC}.Debug|Any CPU.ActiveCfg = Debug|Any CPU
		{1D8EF067-8FE1-4AEC-8F23-D95955D590FC}.Debug|Any CPU.Build.0 = Debug|Any CPU
		{1D8EF067-8FE1-4AEC-8F23-D95955D590FC}.Release|Any CPU.ActiveCfg = Release|Any CPU
		{1D8EF067-8FE1-4AEC-8F23-D95955D590FC}.Release|Any CPU.Build.0 = Release|Any CPU
		{136842D9-BDFB-4F08-B75B-2F6204DC008A}.Debug|Any CPU.ActiveCfg = Debug|Any CPU
		{136842D9-BDFB-4F08-B75B-2F6204DC008A}.Debug|Any CPU.Build.0 = Debug|Any CPU
		{136842D9-BDFB-4F08-B75B-2F6204DC008A}.Release|Any CPU.ActiveCfg = Release|Any CPU
		{136842D9-BDFB-4F08-B75B-2F6204DC008A}.Release|Any CPU.Build.0 = Release|Any CPU
		{F27E14F1-2F0E-4384-91D0-6D5B23025858}.Debug|Any CPU.ActiveCfg = Debug|Any CPU
		{F27E14F1-2F0E-4384-91D0-6D5B23025858}.Debug|Any CPU.Build.0 = Debug|Any CPU
		{F27E14F1-2F0E-4384-91D0-6D5B23025858}.Release|Any CPU.ActiveCfg = Release|Any CPU
		{F27E14F1-2F0E-4384-91D0-6D5B23025858}.Release|Any CPU.Build.0 = Release|Any CPU
		{17610B37-87ED-4E4F-B1B3-8E67C33F22F4}.Debug|Any CPU.ActiveCfg = Debug|Any CPU
		{17610B37-87ED-4E4F-B1B3-8E67C33F22F4}.Debug|Any CPU.Build.0 = Debug|Any CPU
		{17610B37-87ED-4E4F-B1B3-8E67C33F22F4}.Release|Any CPU.ActiveCfg = Release|Any CPU
		{17610B37-87ED-4E4F-B1B3-8E67C33F22F4}.Release|Any CPU.Build.0 = Release|Any CPU
		{780AED28-FD40-494C-9941-F6EF2259DC7A}.Debug|Any CPU.ActiveCfg = Debug|Any CPU
		{780AED28-FD40-494C-9941-F6EF2259DC7A}.Debug|Any CPU.Build.0 = Debug|Any CPU
		{780AED28-FD40-494C-9941-F6EF2259DC7A}.Release|Any CPU.ActiveCfg = Release|Any CPU
		{780AED28-FD40-494C-9941-F6EF2259DC7A}.Release|Any CPU.Build.0 = Release|Any CPU
		{CDA027B6-8AA4-4263-A4D4-9F378D909D9B}.Debug|Any CPU.ActiveCfg = Debug|Any CPU
		{CDA027B6-8AA4-4263-A4D4-9F378D909D9B}.Debug|Any CPU.Build.0 = Debug|Any CPU
		{CDA027B6-8AA4-4263-A4D4-9F378D909D9B}.Release|Any CPU.ActiveCfg = Release|Any CPU
		{CDA027B6-8AA4-4263-A4D4-9F378D909D9B}.Release|Any CPU.Build.0 = Release|Any CPU
		{893E5F9C-39CD-49AB-8C0F-F3A1F5032517}.Debug|Any CPU.ActiveCfg = Debug|Any CPU
		{893E5F9C-39CD-49AB-8C0F-F3A1F5032517}.Debug|Any CPU.Build.0 = Debug|Any CPU
		{893E5F9C-39CD-49AB-8C0F-F3A1F5032517}.Release|Any CPU.ActiveCfg = Release|Any CPU
		{893E5F9C-39CD-49AB-8C0F-F3A1F5032517}.Release|Any CPU.Build.0 = Release|Any CPU
		{B390D46A-1EDF-466F-88D2-2B2B924DF542}.Debug|Any CPU.ActiveCfg = Debug|Any CPU
		{B390D46A-1EDF-466F-88D2-2B2B924DF542}.Debug|Any CPU.Build.0 = Debug|Any CPU
		{B390D46A-1EDF-466F-88D2-2B2B924DF542}.Release|Any CPU.ActiveCfg = Release|Any CPU
		{B390D46A-1EDF-466F-88D2-2B2B924DF542}.Release|Any CPU.Build.0 = Release|Any CPU
		{CE4AA7F6-7A9F-4ACE-899B-91B75BB5E1C2}.Debug|Any CPU.ActiveCfg = Debug|Any CPU
		{CE4AA7F6-7A9F-4ACE-899B-91B75BB5E1C2}.Debug|Any CPU.Build.0 = Debug|Any CPU
		{CE4AA7F6-7A9F-4ACE-899B-91B75BB5E1C2}.Release|Any CPU.ActiveCfg = Release|Any CPU
		{CE4AA7F6-7A9F-4ACE-899B-91B75BB5E1C2}.Release|Any CPU.Build.0 = Release|Any CPU
		{B0A9E194-A0FB-4FF4-A74B-F3C1020667D8}.Debug|Any CPU.ActiveCfg = Debug|Any CPU
		{B0A9E194-A0FB-4FF4-A74B-F3C1020667D8}.Debug|Any CPU.Build.0 = Debug|Any CPU
		{B0A9E194-A0FB-4FF4-A74B-F3C1020667D8}.Release|Any CPU.ActiveCfg = Release|Any CPU
		{B0A9E194-A0FB-4FF4-A74B-F3C1020667D8}.Release|Any CPU.Build.0 = Release|Any CPU
		{296DABD1-AA45-455B-991A-C04F96CD9B80}.Debug|Any CPU.ActiveCfg = Debug|Any CPU
		{296DABD1-AA45-455B-991A-C04F96CD9B80}.Debug|Any CPU.Build.0 = Debug|Any CPU
		{296DABD1-AA45-455B-991A-C04F96CD9B80}.Release|Any CPU.ActiveCfg = Release|Any CPU
		{296DABD1-AA45-455B-991A-C04F96CD9B80}.Release|Any CPU.Build.0 = Release|Any CPU
		{E64564E1-EE61-44A9-91ED-CA9B249A306D}.Debug|Any CPU.ActiveCfg = Debug|Any CPU
		{E64564E1-EE61-44A9-91ED-CA9B249A306D}.Debug|Any CPU.Build.0 = Debug|Any CPU
		{E64564E1-EE61-44A9-91ED-CA9B249A306D}.Release|Any CPU.ActiveCfg = Release|Any CPU
		{E64564E1-EE61-44A9-91ED-CA9B249A306D}.Release|Any CPU.Build.0 = Release|Any CPU
	EndGlobalSection
EndGlobal
